
Microsoft Visual Studio Solution File, Format Version 12.00
# Visual Studio Version 17
VisualStudioVersion = 17.7.34202.233
MinimumVisualStudioVersion = 10.0.40219.1
Project("{FAE04EC0-301F-11D3-BF4B-00C04F79EFBC}") = "OSDP.Logging", "OSDP.Logging\OSDP.Logging.csproj", "{C5BB9519-11E0-46C1-9C8B-194E22604B9B}"
EndProject
Global
	GlobalSection(SolutionConfigurationPlatforms) = preSolution
		Debug|Any CPU = Debug|Any CPU
		Release|Any CPU = Release|Any CPU
	EndGlobalSection
	GlobalSection(ProjectConfigurationPlatforms) = postSolution
		{C5BB9519-11E0-46C1-9C8B-194E22604B9B}.Debug|Any CPU.ActiveCfg = Debug|Any CPU
		{C5BB9519-11E0-46C1-9C8B-194E22604B9B}.Debug|Any CPU.Build.0 = Debug|Any CPU
		{C5BB9519-11E0-46C1-9C8B-194E22604B9B}.Release|Any CPU.ActiveCfg = Release|Any CPU
		{C5BB9519-11E0-46C1-9C8B-194E22604B9B}.Release|Any CPU.Build.0 = Release|Any CPU
	EndGlobalSection
	GlobalSection(SolutionProperties) = preSolution
		HideSolutionNode = FALSE
	EndGlobalSection
	GlobalSection(ExtensibilityGlobals) = postSolution
		SolutionGuid = {AB465766-ACCB-4BA7-BC10-24F251C1FA2B}
	EndGlobalSection
EndGlobal
